PODS:
  - AFNetworking (4.0.1):
    - AFNetworking/NSURLSession (= 4.0.1)
    - AFNetworking/Reachability (= 4.0.1)
    - AFNetworking/Security (= 4.0.1)
    - AFNetworking/Serialization (= 4.0.1)
    - AFNetworking/UIKit (= 4.0.1)
  - AFNetworking/NSURLSession (4.0.1):
    - AFNetworking/Reachability
    - AFNetworking/Security
    - AFNetworking/Serialization
  - AFNetworking/Reachability (4.0.1)
  - AFNetworking/Security (4.0.1)
  - AFNetworking/Serialization (4.0.1)
  - AFNetworking/UIKit (4.0.1):
    - AFNetworking/NSURLSession
  - ATKit_ObjectC (0.1.3)
  - ATRefresh_ObjectC (0.0.3):
    - DZNEmptyDataSet (~> 1.8.1)
    - KVOController (~> 1.2.0)
    - MJRefresh (~> 3.4.3)
  - DZNEmptyDataSet (1.8.1)
  - KVOController (1.2.0)
  - Masonry (1.1.0)
  - MJRefresh (3.4.3)
  - SDWebImage (5.8.0):
    - SDWebImage/Core (= 5.8.0)
  - SDWebImage/Core (5.8.0)
  - YYModel (1.0.4)

DEPENDENCIES:
  - AFNetworking
  - ATKit_ObjectC
  - ATRefresh_ObjectC (from `https://github.com/tianya2416/ATRefresh_ObjectC.git`)
  - DZNEmptyDataSet
  - KVOController
  - Masonry
  - MJRefresh
  - SDWebImage
  - YYModel

SPEC REPOS:
  https://github.com/CocoaPods/Specs.git:
    - AFNetworking
    - ATKit_ObjectC
    - DZNEmptyDataSet
    - KVOController
    - Masonry
    - MJRefresh
    - SDWebImage
    - YYModel

EXTERNAL SOURCES:
  ATRefresh_ObjectC:
    :git: https://github.com/tianya2416/ATRefresh_ObjectC.git

CHECKOUT OPTIONS:
  ATRefresh_ObjectC:
    :commit: 67d64b33fb93bf2618c9d9da60c3ed254694d6ea
    :git: https://github.com/tianya2416/ATRefresh_ObjectC.git

SPEC CHECKSUMS:
  AFNetworking: 7864c38297c79aaca1500c33288e429c3451fdce
  ATKit_ObjectC: a214fc39e605309bbf8b45b07d66ca7bd08aab4f
  ATRefresh_ObjectC: 08176aa859bc57081a0c8aea8da0988fca0200fc
  DZNEmptyDataSet: 9525833b9e68ac21c30253e1d3d7076cc828eaa7
  KVOController: d72ace34afea42468329623b3379ab3cd1d286b6
  Masonry: 678fab65091a9290e40e2832a55e7ab731aad201
  MJRefresh: 53e3e3219f204425ee6d3e62e8733d3295944cd6
  SDWebImage: 84000f962cbfa70c07f19d2234cbfcf5d779b5dc
  YYModel: 2a7fdd96aaa4b86a824e26d0c517de8928c04b30

PODFILE CHECKSUM: 25c47d971161e394f3db8841c75f9e6aed6ca80e

COCOAPODS: 1.8.4
